
Microsoft Visual Studio Solution File, Format Version 12.00
# Visual Studio 15
VisualStudioVersion = 15.0.27428.2002
MinimumVisualStudioVersion = 10.0.40219.1
Project("{FAE04EC0-301F-11D3-BF4B-00C04F79EFBC}") = "NEWS.Core", "NEWS.Core\NEWS.Core.csproj", "{93FD1272-04D5-427E-A8AD-91A8F22BCF02}"
EndProject
Project("{FAE04EC0-301F-11D3-BF4B-00C04F79EFBC}") = "NEWS.Infrastructure", "NEWS.Infrastructure\NEWS.Infrastructure.csproj", "{84DC2554-6EB1-402C-930A-DD8D19ED593C}"
EndProject
Project("{FAE04EC0-301F-11D3-BF4B-00C04F79EFBC}") = "NEWS.Web", "NEWS.Web\NEWS.Web.csproj", "{784A6288-E269-4575-9A3E-0EB409662684}"
EndProject
Global
	GlobalSection(SolutionConfigurationPlatforms) = preSolution
		Debug|Any CPU = Debug|Any CPU
		Release|Any CPU = Release|Any CPU
	EndGlobalSection
	GlobalSection(ProjectConfigurationPlatforms) = postSolution
		{93FD1272-04D5-427E-A8AD-91A8F22BCF02}.Debug|Any CPU.ActiveCfg = Debug|Any CPU
		{93FD1272-04D5-427E-A8AD-91A8F22BCF02}.Debug|Any CPU.Build.0 = Debug|Any CPU
		{93FD1272-04D5-427E-A8AD-91A8F22BCF02}.Release|Any CPU.ActiveCfg = Release|Any CPU
		{93FD1272-04D5-427E-A8AD-91A8F22BCF02}.Release|Any CPU.Build.0 = Release|Any CPU
		{84DC2554-6EB1-402C-930A-DD8D19ED593C}.Debug|Any CPU.ActiveCfg = Debug|Any CPU
		{84DC2554-6EB1-402C-930A-DD8D19ED593C}.Debug|Any CPU.Build.0 = Debug|Any CPU
		{84DC2554-6EB1-402C-930A-DD8D19ED593C}.Release|Any CPU.ActiveCfg = Release|Any CPU
		{84DC2554-6EB1-402C-930A-DD8D19ED593C}.Release|Any CPU.Build.0 = Release|Any CPU
		{784A6288-E269-4575-9A3E-0EB409662684}.Debug|Any CPU.ActiveCfg = Debug|Any CPU
		{784A6288-E269-4575-9A3E-0EB409662684}.Debug|Any CPU.Build.0 = Debug|Any CPU
		{784A6288-E269-4575-9A3E-0EB409662684}.Release|Any CPU.ActiveCfg = Release|Any CPU
		{784A6288-E269-4575-9A3E-0EB409662684}.Release|Any CPU.Build.0 = Release|Any CPU
	EndGlobalSection
	GlobalSection(SolutionProperties) = preSolution
		HideSolutionNode = FALSE
	EndGlobalSection
	GlobalSection(ExtensibilityGlobals) = postSolution
		SolutionGuid = {901BC041-34F0-48E2-B5C7-E7253CD1C50A}
	EndGlobalSection
EndGlobal
